
Microsoft Visual Studio Solution File, Format Version 12.00
# Visual Studio Version 17
VisualStudioVersion = 17.3.32505.426
MinimumVisualStudioVersion = 10.0.40219.1
Project("{FAE04EC0-301F-11D3-BF4B-00C04F79EFBC}") = "DSD605MVCSecurityRoles", "DSD605MVCSecurityRoles.csproj", "{97513F92-D768-4371-96FB-970F46E9E593}"
EndProject
Global
	GlobalSection(SolutionConfigurationPlatforms) = preSolution
		Debug|Any CPU = Debug|Any CPU
		Release|Any CPU = Release|Any CPU
	EndGlobalSection
	GlobalSection(ProjectConfigurationPlatforms) = postSolution
		{97513F92-D768-4371-96FB-970F46E9E593}.Debug|Any CPU.ActiveCfg = Debug|Any CPU
		{97513F92-D768-4371-96FB-970F46E9E593}.Debug|Any CPU.Build.0 = Debug|Any CPU
		{97513F92-D768-4371-96FB-970F46E9E593}.Release|Any CPU.ActiveCfg = Release|Any CPU
		{97513F92-D768-4371-96FB-970F46E9E593}.Release|Any CPU.Build.0 = Release|Any CPU
	EndGlobalSection
	GlobalSection(SolutionProperties) = preSolution
		HideSolutionNode = FALSE
	EndGlobalSection
	GlobalSection(ExtensibilityGlobals) = postSolution
		SolutionGuid = {E12B2AA0-4F19-4B09-B36A-D061A2040772}
	EndGlobalSection
EndGlobal
